
Microsoft Visual Studio Solution File, Format Version 12.00
# Visual Studio Version 16
VisualStudioVersion = 16.0.32413.511
MinimumVisualStudioVersion = 10.0.40219.1
Project("{FAE04EC0-301F-11D3-BF4B-00C04F79EFBC}") = "Wpf1", "Wpf1\Wpf1.csproj", "{857AB8C7-A2EB-4CF0-8991-86357423461F}"
EndProject
Global
	GlobalSection(SolutionConfigurationPlatforms) = preSolution
		Debug|Any CPU = Debug|Any CPU
		Release|Any CPU = Release|Any CPU
	EndGlobalSection
	GlobalSection(ProjectConfigurationPlatforms) = postSolution
		{857AB8C7-A2EB-4CF0-8991-86357423461F}.Debug|Any CPU.ActiveCfg = Debug|Any CPU
		{857AB8C7-A2EB-4CF0-8991-86357423461F}.Debug|Any CPU.Build.0 = Debug|Any CPU
		{857AB8C7-A2EB-4CF0-8991-86357423461F}.Release|Any CPU.ActiveCfg = Release|Any CPU
		{857AB8C7-A2EB-4CF0-8991-86357423461F}.Release|Any CPU.Build.0 = Release|Any CPU
	EndGlobalSection
	GlobalSection(SolutionProperties) = preSolution
		HideSolutionNode = FALSE
	EndGlobalSection
	GlobalSection(ExtensibilityGlobals) = postSolution
		SolutionGuid = {F4B98F7A-1FEE-4657-9681-76E95D4B7484}
	EndGlobalSection
EndGlobal
